
Microsoft Visual Studio Solution File, Format Version 12.00
# Visual Studio Version 16
VisualStudioVersion = 16.0.32228.343
MinimumVisualStudioVersion = 10.0.40219.1
Project("{9A19103F-16F7-4668-BE54-9A1E7A4F7556}") = "MywebApi", "MywebApi.csproj", "{9D6D492C-B84E-4EBD-BAE3-D700B6D391E8}"
EndProject
Global
	GlobalSection(SolutionConfigurationPlatforms) = preSolution
		Debug|Any CPU = Debug|Any CPU
		Release|Any CPU = Release|Any CPU
	EndGlobalSection
	GlobalSection(ProjectConfigurationPlatforms) = postSolution
		{9D6D492C-B84E-4EBD-BAE3-D700B6D391E8}.Debug|Any CPU.ActiveCfg = Debug|Any CPU
		{9D6D492C-B84E-4EBD-BAE3-D700B6D391E8}.Debug|Any CPU.Build.0 = Debug|Any CPU
		{9D6D492C-B84E-4EBD-BAE3-D700B6D391E8}.Release|Any CPU.ActiveCfg = Release|Any CPU
		{9D6D492C-B84E-4EBD-BAE3-D700B6D391E8}.Release|Any CPU.Build.0 = Release|Any CPU
	EndGlobalSection
	GlobalSection(SolutionProperties) = preSolution
		HideSolutionNode = FALSE
	EndGlobalSection
	GlobalSection(ExtensibilityGlobals) = postSolution
		SolutionGuid = {D9F3A278-CD5E-497D-BDC6-6914E3F29249}
	EndGlobalSection
EndGlobal
